
Microsoft Visual Studio Solution File, Format Version 12.00
# Visual Studio Version 17
VisualStudioVersion = 17.10.35013.160
MinimumVisualStudioVersion = 10.0.40219.1
Project("{FAE04EC0-301F-11D3-BF4B-00C04F79EFBC}") = "EzBulkNetDriveMapping", "EzBulkNetDriveMapping.csproj", "{6766AE99-DFE0-4E76-89FD-3290112ABE12}"
EndProject
Global
	GlobalSection(SolutionConfigurationPlatforms) = preSolution
		Debug|Any CPU = Debug|Any CPU
		Release|Any CPU = Release|Any CPU
	EndGlobalSection
	GlobalSection(ProjectConfigurationPlatforms) = postSolution
		{6766AE99-DFE0-4E76-89FD-3290112ABE12}.Debug|Any CPU.ActiveCfg = Debug|Any CPU
		{6766AE99-DFE0-4E76-89FD-3290112ABE12}.Debug|Any CPU.Build.0 = Debug|Any CPU
		{6766AE99-DFE0-4E76-89FD-3290112ABE12}.Release|Any CPU.ActiveCfg = Release|Any CPU
		{6766AE99-DFE0-4E76-89FD-3290112ABE12}.Release|Any CPU.Build.0 = Release|Any CPU
	EndGlobalSection
	GlobalSection(SolutionProperties) = preSolution
		HideSolutionNode = FALSE
	EndGlobalSection
	GlobalSection(ExtensibilityGlobals) = postSolution
		SolutionGuid = {DCCF231A-862B-4877-9A5E-D8FED4A99D0E}
	EndGlobalSection
EndGlobal
